
Microsoft Visual Studio Solution File, Format Version 12.00
# Visual Studio Version 16
VisualStudioVersion = 16.0.30621.155
MinimumVisualStudioVersion = 10.0.40219.1
Project("{FAE04EC0-301F-11D3-BF4B-00C04F79EFBC}") = "ISP_lab6", "ISP_lab6\ISP_lab6.csproj", "{CBC63045-B706-4EF5-A2C1-55113B8CA9C7}"
EndProject
Project("{FAE04EC0-301F-11D3-BF4B-00C04F79EFBC}") = "DB_lab4", "..\DB_lab4\DB_lab4\DB_lab4.csproj", "{E5128C2D-61A7-4896-8EE2-C9215E8384C9}"
EndProject
Global
	GlobalSection(SolutionConfigurationPlatforms) = preSolution
		Debug|Any CPU = Debug|Any CPU
		Release|Any CPU = Release|Any CPU
	EndGlobalSection
	GlobalSection(ProjectConfigurationPlatforms) = postSolution
		{CBC63045-B706-4EF5-A2C1-55113B8CA9C7}.Debug|Any CPU.ActiveCfg = Debug|Any CPU
		{CBC63045-B706-4EF5-A2C1-55113B8CA9C7}.Debug|Any CPU.Build.0 = Debug|Any CPU
		{CBC63045-B706-4EF5-A2C1-55113B8CA9C7}.Release|Any CPU.ActiveCfg = Release|Any CPU
		{CBC63045-B706-4EF5-A2C1-55113B8CA9C7}.Release|Any CPU.Build.0 = Release|Any CPU
		{E5128C2D-61A7-4896-8EE2-C9215E8384C9}.Debug|Any CPU.ActiveCfg = Debug|Any CPU
		{E5128C2D-61A7-4896-8EE2-C9215E8384C9}.Debug|Any CPU.Build.0 = Debug|Any CPU
		{E5128C2D-61A7-4896-8EE2-C9215E8384C9}.Release|Any CPU.ActiveCfg = Release|Any CPU
		{E5128C2D-61A7-4896-8EE2-C9215E8384C9}.Release|Any CPU.Build.0 = Release|Any CPU
	EndGlobalSection
	GlobalSection(SolutionProperties) = preSolution
		HideSolutionNode = FALSE
	EndGlobalSection
	GlobalSection(ExtensibilityGlobals) = postSolution
		SolutionGuid = {95CB4F41-4FD1-4813-8BFF-08BCF2BBD079}
	EndGlobalSection
EndGlobal
